
Microsoft Visual Studio Solution File, Format Version 12.00
# Visual Studio Version 16
VisualStudioVersion = 16.0.33801.447
MinimumVisualStudioVersion = 10.0.40219.1
Project("{FAE04EC0-301F-11D3-BF4B-00C04F79EFBC}") = "Diretorio", "Diretorio\Diretorio.csproj", "{30DE42B4-76D2-4F2B-9F7C-1C997B2FB5BD}"
EndProject
Global
	GlobalSection(SolutionConfigurationPlatforms) = preSolution
		Debug|Any CPU = Debug|Any CPU
		Release|Any CPU = Release|Any CPU
	EndGlobalSection
	GlobalSection(ProjectConfigurationPlatforms) = postSolution
		{30DE42B4-76D2-4F2B-9F7C-1C997B2FB5BD}.Debug|Any CPU.ActiveCfg = Debug|Any CPU
		{30DE42B4-76D2-4F2B-9F7C-1C997B2FB5BD}.Debug|Any CPU.Build.0 = Debug|Any CPU
		{30DE42B4-76D2-4F2B-9F7C-1C997B2FB5BD}.Release|Any CPU.ActiveCfg = Release|Any CPU
		{30DE42B4-76D2-4F2B-9F7C-1C997B2FB5BD}.Release|Any CPU.Build.0 = Release|Any CPU
	EndGlobalSection
	GlobalSection(SolutionProperties) = preSolution
		HideSolutionNode = FALSE
	EndGlobalSection
	GlobalSection(ExtensibilityGlobals) = postSolution
		SolutionGuid = {9FA28348-71DA-4E4E-B955-5F1EC69F8F94}
	EndGlobalSection
EndGlobal
